{"1.1.0",
[{<<"bear">>,
  {git,"git://github.com/boundary/bear.git",
       {ref,"119234548783af19b8ec75c879c5062676b92571"}},
  2},
 {<<"cache">>,
  {git,"https://github.com/fogfish/cache",
       {ref,"9ad89e30e67698543c336c2c8f672744e2c8f108"}},
  0},
 {<<"cf">>,{pkg,<<"cf">>,<<"0.3.1">>},1},
 {<<"cowboy">>,
  {git,"git://github.com/ninenines/cowboy.git",
       {ref,"b9d329c026c8809a6b7ab3cd312598d66081e3f9"}},
  0},
 {<<"cowlib">>,
  {git,"https://github.com/ninenines/cowlib",
       {ref,"8588724cf91ddbb53b9c35ed665866556b217323"}},
  1},
 {<<"dotto">>,
  {git,"https://github.com/marianoguerra/dotto",
       {ref,"2e00625fbbee9cdeb64fc67ef55393b9fb715ec9"}},
  0},
 {<<"elarm">>,
  {git,"https://github.com/esl/elarm",
       {ref,"d5af5a9632df104724c8dec85a774a1421c4caae"}},
  0},
 {<<"erlcron">>,
  {git,"https://github.com/neeraj9/erlcron",
       {ref,"98a534973ae73911ae7731175f1a582a2a08ab90"}},
  0},
 {<<"erlsom">>,
  {git,"https://github.com/willemdj/erlsom",
       {ref,"d5d33cf3d3266109afd70ba6c92756c50e2b9dbc"}},
  0},
 {<<"erlware_commons">>,
  {git,"https://github.com/erlware/erlware_commons",
       {ref,"aad7ae4241ecc0b0b40a9e80873e1d5045dedb57"}},
  0},
 {<<"folsom">>,
  {git,"https://github.com/boundary/folsom",
       {ref,"8914823067c623d2839ecd6d17785ba94ad004c8"}},
  1},
 {<<"folsom_cowboy">>,
  {git,"https://github.com/neeraj9/folsom_cowboy.git",
       {ref,"92e616685a3e8f89eb961f6f8871e0dff1c27885"}},
  0},
 {<<"fuse">>,
  {git,"https://github.com/jlouis/fuse",
       {ref,"51a926a040d67addce37ae298a8db879a0179e00"}},
  0},
 {<<"goldrush">>,{pkg,<<"goldrush">>,<<"0.1.9">>},1},
 {<<"jiffy">>,
  {git,"https://github.com/davisp/jiffy.git",
       {ref,"7602deef034527c136b3bebc006b91ee87e785b4"}},
  0},
 {<<"jsx">>,
  {git,"https://github.com/talentdeficit/jsx",
       {ref,"2ecf598b5f1192acf63baeed1dc7fa45149b4e35"}},
  1},
 {<<"lager">>,
  {git,"https://github.com/erlang-lager/lager",
       {ref,"94f4cd5d4a6797727bee49e86ab1c1f60a039389"}},
  0},
 {<<"meck">>,
  {git,"https://github.com/neeraj9/meck",
       {ref,"f04c86c90660e1c51951dcad7ee52580236d61fe"}},
  0},
 {<<"mysql">>,
  {git,"https://github.com/mysql-otp/mysql-otp.git",
       {ref,"e36edf3f5022161806a65613367ade67fc213be6"}},
  0},
 {<<"nested">>,
  {git,"https://github.com/odo/nested.git",
       {ref,"f47620f0ef9a290cda19c3345dc26436a9e48b9e"}},
  0},
 {<<"otter">>,
  {git,"https://github.com/Bluehouse-Technology/otter",
       {ref,"242faffefbb2e15865a9b681b6a5fff2d0580b2b"}},
  0},
 {<<"otter_lib">>,{pkg,<<"otter_lib">>,<<"0.1.1">>},1},
 {<<"palma">>,
  {git,"https://github.com/neeraj9/palma",
       {ref,"24d05ff7ffe85c027a5ca154ab9af23bf6d85c6f"}},
  0},
 {<<"qdate">>,
  {git,"https://github.com/choptastic/qdate.git",
       {ref,"ed00a606f3deca1b5e82de72249436c98faaa3a0"}},
  0},
 {<<"qdate_localtime">>,{pkg,<<"qdate_localtime">>,<<"1.1.0">>},1},
 {<<"quickrand">>,
  {git,"https://github.com/okeuday/quickrand.git",
       {ref,"6f3d611c04e1cd734e8287b358f0f458b4f88662"}},
  2},
 {<<"ranch">>,
  {git,"https://github.com/ninenines/ranch",
       {ref,"3190aef88aea04d6dce8545fe9b4574288903f44"}},
  1},
 {<<"recon">>,{pkg,<<"recon">>,<<"2.4.0">>},0},
 {<<"revolver">>,
  {git,"https://github.com/odo/revolver.git",
       {ref,"f9378f382d76c0af20081e558af882efa1c3f66d"}},
  1},
 {<<"uuid">>,
  {git,"https://github.com/okeuday/uuid",
       {ref,"fd20692d4fd6b72db029208dbc0e1a41b35de641"}},
  1},
 {<<"xxhash">>,
  {git,"https://github.com/cdegroot/erlang-xxhash",
       {ref,"00893d4ff7617373f7abfc542eb28e7a4faa3ad3"}},
  0}]}.
[
{pkg_hash,[
 {<<"cf">>, <<"5CB902239476E141EA70A740340233782D363A31EEA8AD37049561542E6CD641">>},
 {<<"goldrush">>, <<"F06E5D5F1277DA5C413E84D5A2924174182FB108DABB39D5EC548B27424CD106">>},
 {<<"otter_lib">>, <<"9EF4401013C52F581278D7BEB15AE536DC629CDAC72DFEEBAC2384069F9461FD">>},
 {<<"qdate_localtime">>, <<"5F6C3ACF10ECC5A7E2EFA3DCD2C863102B962188DBD9E086EC01D29FE029DA29">>},
 {<<"recon">>, <<"901FF78B39C754FB4D6FD72DCF0DBD398967BBD2E4D59C08D4D7AA44A73DE91D">>}]}
].
