{"1.1.0",
[{<<"amqp_client">>,
  {git,"git://github.com/jbrisbin/amqp_client.git",
       {ref,"d50aec00b94f0766a048b4eceaf25ddfdeeb1d86"}},
  0},
 {<<"basho_stats">>,{pkg,<<"basho_stats">>,<<"1.0.3">>},1},
 {<<"bear">>,
  {git,"git://github.com/boundary/bear.git",
       {ref,"119234548783af19b8ec75c879c5062676b92571"}},
  2},
 {<<"blume">>,{pkg,<<"blume">>,<<"0.1.1">>},1},
 {<<"bson">>,
  {git,"git://github.com/comtihon/bson-erlang",
       {ref,"14308ab927cfa69324742c3de720578094e0bb19"}},
  1},
 {<<"cache">>,
  {git,"https://github.com/fogfish/cache",
       {ref,"9ad89e30e67698543c336c2c8f672744e2c8f108"}},
  0},
 {<<"cf">>,{pkg,<<"cf">>,<<"0.3.1">>},1},
 {<<"chash">>,{pkg,<<"chash">>,<<"0.1.2">>},1},
 {<<"clique">>,{pkg,<<"clique">>,<<"0.3.11">>},1},
 {<<"cowboy">>,
  {git,"git://github.com/ninenines/cowboy.git",
       {ref,"1a6407d8a85100fd11e720b94bf5b0b1e089b884"}},
  0},
 {<<"cowlib">>,
  {git,"https://github.com/ninenines/cowlib",
       {ref,"af88cb78fc0dffb27fd9ab09659a6ba595493c1a"}},
  1},
 {<<"cuttlefish">>,{pkg,<<"cuttlefish">>,<<"2.0.12">>},1},
 {<<"dotto">>,
  {git,"https://github.com/marianoguerra/dotto",
       {ref,"2e00625fbbee9cdeb64fc67ef55393b9fb715ec9"}},
  0},
 {<<"edown">>,{pkg,<<"edown">>,<<"0.8.1">>},3},
 {<<"elarm">>,
  {git,"https://github.com/esl/elarm",
       {ref,"5885c906cb7c248f233b90b83f6b910b7b1d293b"}},
  0},
 {<<"eleveldb">>,{pkg,<<"eleveldb">>,<<"2.2.20">>},1},
 {<<"eredis">>,
  {git,"https://github.com/wooga/eredis.git",
       {ref,"c24dfb2f3e9fca7d022beecf8eb85539b9466448"}},
  0},
 {<<"erlcron">>,
  {git,"https://github.com/neeraj9/erlcron",
       {ref,"98a534973ae73911ae7731175f1a582a2a08ab90"}},
  0},
 {<<"erlsom">>,
  {git,"https://github.com/willemdj/erlsom",
       {ref,"472d07090b0b34aa2f7ba3fcaa168371e95172ed"}},
  0},
 {<<"erlware_commons">>,
  {git,"https://github.com/erlware/erlware_commons",
       {ref,"b23bf733c5d949e746f7560664b6855eb85eed93"}},
  0},
 {<<"exometer_core">>,{pkg,<<"basho_exometer_core">>,<<"1.0.2">>},1},
 {<<"folsom">>,
  {git,"https://github.com/boundary/folsom",
       {ref,"8914823067c623d2839ecd6d17785ba94ad004c8"}},
  1},
 {<<"folsom_cowboy">>,
  {git,"https://github.com/neeraj9/folsom_cowboy.git",
       {ref,"4052f02bf2ff29742237a49a2634af0c2b4379c7"}},
  0},
 {<<"fuse">>,
  {git,"https://github.com/jlouis/fuse",
       {ref,"51a926a040d67addce37ae298a8db879a0179e00"}},
  0},
 {<<"gen_fsm_compat">>,{pkg,<<"gen_fsm_compat">>,<<"0.2.1">>},2},
 {<<"getopt">>,{pkg,<<"getopt">>,<<"0.8.2">>},2},
 {<<"goldrush">>,{pkg,<<"goldrush">>,<<"0.1.9">>},1},
 {<<"jam">>,{pkg,<<"jam">>,<<"1.0.0">>},1},
 {<<"jiffy">>,
  {git,"https://github.com/davisp/jiffy.git",
       {ref,"7602deef034527c136b3bebc006b91ee87e785b4"}},
  0},
 {<<"jsx">>,
  {git,"https://github.com/talentdeficit/jsx",
       {ref,"2ecf598b5f1192acf63baeed1dc7fa45149b4e35"}},
  1},
 {<<"lager">>,
  {git,"https://github.com/erlang-lager/lager",
       {ref,"06f676aad8ed823b7838a70288cd4d13b5a25ede"}},
  0},
 {<<"meck">>,
  {git,"https://github.com/neeraj9/meck",
       {ref,"1fbc90e467a5ea47e700d784efb722eb68852bc3"}},
  0},
 {<<"mongodb">>,
  {git,"https://github.com/comtihon/mongodb-erlang",
       {ref,"bf76ceae546869408e34f3b0f5ab5ed59b9b7da7"}},
  0},
 {<<"mysql">>,
  {git,"https://github.com/mysql-otp/mysql-otp.git",
       {ref,"ef48ab3d545049acdaa73f2e17f0abd0a4a98b6d"}},
  0},
 {<<"nested">>,
  {git,"https://github.com/odo/nested.git",
       {ref,"f47620f0ef9a290cda19c3345dc26436a9e48b9e"}},
  0},
 {<<"otter">>,
  {git,"https://github.com/Bluehouse-Technology/otter",
       {ref,"242faffefbb2e15865a9b681b6a5fff2d0580b2b"}},
  0},
 {<<"otter_lib">>,{pkg,<<"otter_lib">>,<<"0.1.1">>},1},
 {<<"palma">>,
  {git,"https://github.com/neeraj9/palma",
       {ref,"24d05ff7ffe85c027a5ca154ab9af23bf6d85c6f"}},
  0},
 {<<"parse_trans">>,{pkg,<<"parse_trans">>,<<"2.9.0">>},2},
 {<<"pbkdf2">>,
  {git,"git://github.com/comtihon/erlang-pbkdf2.git",
       {ref,"5201a735639496fc595061160117e4ec155d73f5"}},
  1},
 {<<"poolboy">>,
  {git,"git://github.com/comtihon/poolboy.git",
       {ref,"04ea8a5479b273a052942755ebdc42c9e318d907"}},
  1},
 {<<"qdate">>,
  {git,"https://github.com/choptastic/qdate.git",
       {ref,"1cccb8392abb9c914ad81a6a7cb1072a32d4d83c"}},
  0},
 {<<"qdate_localtime">>,{pkg,<<"qdate_localtime">>,<<"1.1.0">>},1},
 {<<"quickrand">>,
  {git,"https://github.com/okeuday/quickrand.git",
       {ref,"336c0d94a6a384f307183b3c14fc2112656dac37"}},
  2},
 {<<"rabbit_common">>,
  {git,"https://github.com/jbrisbin/rabbit_common.git",
       {ref,"80814606ae23cc820c74e443383e192cd69ec030"}},
  1},
 {<<"ranch">>,
  {git,"https://github.com/ninenines/ranch",
       {ref,"8eaae552ec520605b7f4b0e5943256d2b5e3621c"}},
  1},
 {<<"recon">>,{pkg,<<"recon">>,<<"2.3.5">>},0},
 {<<"revolver">>,
  {git,"https://github.com/odo/revolver.git",
       {ref,"f9378f382d76c0af20081e558af882efa1c3f66d"}},
  1},
 {<<"riak_core">>,{pkg,<<"riak_core_ng">>,<<"3.0.9">>},0},
 {<<"riak_ensemble">>,{pkg,<<"riak_ensemble_ng">>,<<"2.4.2">>},1},
 {<<"riak_sysmon">>,{pkg,<<"riak_sysmon">>,<<"2.1.7">>},1},
 {<<"setup">>,{pkg,<<"setup">>,<<"1.7.0">>},2},
 {<<"uuid">>,
  {git,"https://github.com/okeuday/uuid",
       {ref,"27219e393d22b11f3e7ac3ebb1a1858e5bab7aef"}},
  1},
 {<<"xxhash">>,
  {git,"https://github.com/cdegroot/erlang-xxhash",
       {ref,"00893d4ff7617373f7abfc542eb28e7a4faa3ad3"}},
  0}]}.
[
{pkg_hash,[
 {<<"basho_stats">>, <<"7E1174151509C64FCC1934120ED32295E14F84DAAE7F84926BA2C8D3700D146C">>},
 {<<"blume">>, <<"CFB4F43688690BA81C6A79F54E4678CFD5FDEDAB692F277AE740AE4A3897360D">>},
 {<<"cf">>, <<"5CB902239476E141EA70A740340233782D363A31EEA8AD37049561542E6CD641">>},
 {<<"chash">>, <<"AF02484F2640C653C4B9A8557A14CA0704989DBEDB27E7CCBC442F1903A3BCA7">>},
 {<<"clique">>, <<"ED9293280FA4F581B0F0FE9B3BDBEF2F6A81371514446D050066809EC301AF85">>},
 {<<"cuttlefish">>, <<"1441A12BCE207F7FC796A4DA50D47080D21E83E15309AD6496DE27840A54D5FC">>},
 {<<"edown">>, <<"7333B6F6B7BBC736C263E9CEB8261667D7C8F7D92E251829F1A9FE8F24E7B694">>},
 {<<"eleveldb">>, <<"1FFF63A5055BBF4BF821F797EF76065882B193F5E8095F95FCD9287187773B58">>},
 {<<"exometer_core">>, <<"DC4BC9B0B47EDEE0C053B16AC5B9C692E662C7E1513FFC96F4D928BC3328D65F">>},
 {<<"gen_fsm_compat">>, <<"A485ABFACD7BD25D7FED57D3539616711B63B7CA9FECE126DDC273A1542CFAF0">>},
 {<<"getopt">>, <<"B17556DB683000BA50370B16C0619DF1337E7AF7ECBF7D64FBF8D1D6BCE3109B">>},
 {<<"goldrush">>, <<"F06E5D5F1277DA5C413E84D5A2924174182FB108DABB39D5EC548B27424CD106">>},
 {<<"jam">>, <<"ED9B180F2F3A775E6A47AC490954976802F0638C19A393F3E86D4BA4CF890582">>},
 {<<"otter_lib">>, <<"9EF4401013C52F581278D7BEB15AE536DC629CDAC72DFEEBAC2384069F9461FD">>},
 {<<"parse_trans">>, <<"3F5F7B402928FB9FD200C891E635DE909045D1EFAC40CE3F924D3892898F85EB">>},
 {<<"qdate_localtime">>, <<"5F6C3ACF10ECC5A7E2EFA3DCD2C863102B962188DBD9E086EC01D29FE029DA29">>},
 {<<"recon">>, <<"5136EB8F8020A440F5F894F1C11E7FA9480315B2E6E398B0E46609CB963E768A">>},
 {<<"riak_core">>, <<"F6E27FB67C9CB9A3FB7AEF38EC1BB5633624D7B78E32E73FE7A0045F3514F032">>},
 {<<"riak_ensemble">>, <<"26A219F9D620A388C58ACD709BCCA0621C6E5ABC4A9406494205D40368CC4565">>},
 {<<"riak_sysmon">>, <<"AF420DF0F7569E1F12BCD465745164CB6189EB93F118D5CDB3F90FEB3F8BF47D">>},
 {<<"setup">>, <<"15DF8E57C6DF9755E22BFB1AEF0C640BD97E9889396FDFB2A85A5536A9043674">>}]}
].
